{
  "name": "fastResponse",
  "lockfileVersion": 3,
  "requires": true,
  "packages": {
    "": {
      "dependencies": {
        "pushover-notifications": "^1.2.3"
      }
    },
    "node_modules/pushover-notifications": {
      "version": "1.2.3",
      "resolved": "https://registry.npmjs.org/pushover-notifications/-/pushover-notifications-1.2.3.tgz",
      "integrity": "sha512-jVfniktfi8nYS5f1QsHs/fFAkzSaHYUcmn4CFOMMsv2wvvxvMgSJdjkdoRR0BqQU6uYs2QJs41PQhbqa1TkAIg==",
      "engines": {
        "node": "*"
      }
    }
  }
}
